// !$*UTF8*$!
{
	archiveVersion = 1;
	classes = {
	};
	objectVersion = 77;
	objects = {

/* Begin PBXBuildFile section */
		2986A58FADE6D96D88509272 /* Assets.xcassets in Resources */ = {isa = PBXBuildFile; fileRef = EE127B113C2D8D8980429987 /* Assets.xcassets */; };
		47352777CC1F203381BB0855 /* LGSpeechRecognizerExampleApp.swift in Sources */ = {isa = PBXBuildFile; fileRef = 0EAC582025DF1D5DFC9EEC2B /* LGSpeechRecognizerExampleApp.swift */; };
		705306965E8FE3AA1B7DB3AE /* LGSpeechRecognizer in Frameworks */ = {isa = PBXBuildFile; productRef = F588EC7D6C5C19A14A4EF466 /* LGSpeechRecognizer */; };
		BDD14A7C3DABF2C91E0B7CA2 /* TranscriptionModel.swift in Sources */ = {isa = PBXBuildFile; fileRef = B117497DBC3BDC7458C0D3DD /* TranscriptionModel.swift */; };
		D9EF4165F425FA8D84C19464 /* TranscriptionView.swift in Sources */ = {isa = PBXBuildFile; fileRef = 822CF343A4D5FC8642F6D053 /* TranscriptionView.swift */; };
/* End PBXBuildFile section */

/* Begin PBXFileReference section */
		0EAC582025DF1D5DFC9EEC2B /* LGSpeechRecognizerExampleApp.swift */ = {isa = PBXFileReference; lastKnownFileType = sourcecode.swift; path = LGSpeechRecognizerExampleApp.swift; sourceTree = "<group>"; };
		448B463B6FD71D291F765350 /* LGSpeechRecognizer */ = {isa = PBXFileReference; lastKnownFileType = folder; name = LGSpeechRecognizer; path = ..; sourceTree = SOURCE_ROOT; };
		61CA1F68E40E203E79DE2EE4 /* LGSpeechRecognizerExample.app */ = {isa = PBXFileReference; includeInIndex = 0; lastKnownFileType = wrapper.application; path = LGSpeechRecognizerExample.app; sourceTree = BUILT_PRODUCTS_DIR; };
		822CF343A4D5FC8642F6D053 /* TranscriptionView.swift */ = {isa = PBXFileReference; lastKnownFileType = sourcecode.swift; path = TranscriptionView.swift; sourceTree = "<group>"; };
		B117497DBC3BDC7458C0D3DD /* TranscriptionModel.swift */ = {isa = PBXFileReference; lastKnownFileType = sourcecode.swift; path = TranscriptionModel.swift; sourceTree = "<group>"; };
		EE127B113C2D8D8980429987 /* Assets.xcassets */ = {isa = PBXFileReference; lastKnownFileType = folder.assetcatalog; path = Assets.xcassets; sourceTree = "<group>"; };
/* End PBXFileReference section */

/* Begin PBXFrameworksBuildPhase section */
		7254C842E73724CF11EAF61A /* Frameworks */ = {
			isa = PBXFrameworksBuildPhase;
			buildActionMask = 2147483647;
			files = (
				705306965E8FE3AA1B7DB3AE /* LGSpeechRecognizer in Frameworks */,
			);
			runOnlyForDeploymentPostprocessing = 0;
		};
/* End PBXFrameworksBuildPhase section */

/* Begin PBXGroup section */
		076782CDCBB9C71A906A6F03 /* Products */ = {
			isa = PBXGroup;
			children = (
				61CA1F68E40E203E79DE2EE4 /* LGSpeechRecognizerExample.app */,
			);
			name = Products;
			sourceTree = "<group>";
		};
		1761F9D561929587D40E5C46 /* LGSpeechRecognizerExample */ = {
			isa = PBXGroup;
			children = (
				EE127B113C2D8D8980429987 /* Assets.xcassets */,
				471DB68BA8E8B22C47CF0453 /* App */,
			);
			path = LGSpeechRecognizerExample;
			sourceTree = "<group>";
		};
		471DB68BA8E8B22C47CF0453 /* App */ = {
			isa = PBXGroup;
			children = (
				0EAC582025DF1D5DFC9EEC2B /* LGSpeechRecognizerExampleApp.swift */,
				B117497DBC3BDC7458C0D3DD /* TranscriptionModel.swift */,
				822CF343A4D5FC8642F6D053 /* TranscriptionView.swift */,
			);
			path = App;
			sourceTree = "<group>";
		};
		86E7D9F11B14C87859E7A0DD /* Packages */ = {
			isa = PBXGroup;
			children = (
				448B463B6FD71D291F765350 /* LGSpeechRecognizer */,
			);
			name = Packages;
			sourceTree = "<group>";
		};
		F540DCB8AC3375CEAB36F5E2 = {
			isa = PBXGroup;
			children = (
				1761F9D561929587D40E5C46 /* LGSpeechRecognizerExample */,
				86E7D9F11B14C87859E7A0DD /* Packages */,
				076782CDCBB9C71A906A6F03 /* Products */,
			);
			sourceTree = "<group>";
		};
/* End PBXGroup section */

/* Begin PBXNativeTarget section */
		1B0E47675528A35BD039BCD2 /* LGSpeechRecognizerExample */ = {
			isa = PBXNativeTarget;
			buildConfigurationList = C29FF03A9FC7BC5AE3650E76 /* Build configuration list for PBXNativeTarget "LGSpeechRecognizerExample" */;
			buildPhases = (
				82FB5882128F7D45AE48E1BF /* Sources */,
				828E05F09EBE4C68F8C8E4E1 /* Resources */,
				7254C842E73724CF11EAF61A /* Frameworks */,
			);
			buildRules = (
			);
			dependencies = (
			);
			name = LGSpeechRecognizerExample;
			packageProductDependencies = (
				F588EC7D6C5C19A14A4EF466 /* LGSpeechRecognizer */,
			);
			productName = LGSpeechRecognizerExample;
			productReference = 61CA1F68E40E203E79DE2EE4 /* LGSpeechRecognizerExample.app */;
			productType = "com.apple.product-type.application";
		};
/* End PBXNativeTarget section */

/* Begin PBXProject section */
		33C6AE3664EC38117CB4D560 /* Project object */ = {
			isa = PBXProject;
			attributes = {
				BuildIndependentTargetsInParallel = YES;
				LastUpgradeCheck = 1430;
				TargetAttributes = {
					1B0E47675528A35BD039BCD2 = {
						DevelopmentTeam = UBS5NLP4XW;
						ProvisioningStyle = Automatic;
					};
				};
			};
			buildConfigurationList = A0D6AC30B0C531A614488520 /* Build configuration list for PBXProject "LGSpeechRecognizerExample" */;
			developmentRegion = en;
			hasScannedForEncodings = 0;
			knownRegions = (
				Base,
				en,
			);
			mainGroup = F540DCB8AC3375CEAB36F5E2;
			minimizedProjectReferenceProxies = 1;
			packageReferences = (
				B1EAD592E5A8E8CEC71F7E5E /* XCLocalSwiftPackageReference ".." */,
			);
			preferredProjectObjectVersion = 77;
			productRefGroup = 076782CDCBB9C71A906A6F03 /* Products */;
			projectDirPath = "";
			projectRoot = "";
			targets = (
				1B0E47675528A35BD039BCD2 /* LGSpeechRecognizerExample */,
			);
		};
/* End PBXProject section */

/* Begin PBXResourcesBuildPhase section */
		828E05F09EBE4C68F8C8E4E1 /* Resources */ = {
			isa = PBXResourcesBuildPhase;
			buildActionMask = 2147483647;
			files = (
				2986A58FADE6D96D88509272 /* Assets.xcassets in Resources */,
			);
			runOnlyForDeploymentPostprocessing = 0;
		};
/* End PBXResourcesBuildPhase section */

/* Begin PBXSourcesBuildPhase section */
		82FB5882128F7D45AE48E1BF /* Sources */ = {
			isa = PBXSourcesBuildPhase;
			buildActionMask = 2147483647;
			files = (
				47352777CC1F203381BB0855 /* LGSpeechRecognizerExampleApp.swift in Sources */,
				BDD14A7C3DABF2C91E0B7CA2 /* TranscriptionModel.swift in Sources */,
				D9EF4165F425FA8D84C19464 /* TranscriptionView.swift in Sources */,
			);
			runOnlyForDeploymentPostprocessing = 0;
		};
/* End PBXSourcesBuildPhase section */

/* Begin XCBuildConfiguration section */
		20E63D60317CC97B44137C93 /* Debug */ = {
			isa = XCBuildConfiguration;
			buildSettings = {
				ALWAYS_SEARCH_USER_PATHS = NO;
				CLANG_ANALYZER_NONNULL = YES;
				CLANG_ANALYZER_NUMBER_OBJECT_CONVERSION = YES_AGGRESSIVE;
				CLANG_CXX_LANGUAGE_STANDARD = "gnu++14";
				CLANG_CXX_LIBRARY = "libc++";
				CLANG_ENABLE_MODULES = YES;
				CLANG_ENABLE_OBJC_ARC = YES;
				CLANG_ENABLE_OBJC_WEAK = YES;
				CLANG_WARN_BLOCK_CAPTURE_AUTORELEASING = YES;
				CLANG_WARN_BOOL_CONVERSION = YES;
				CLANG_WARN_COMMA = YES;
				CLANG_WARN_CONSTANT_CONVERSION = YES;
				CLANG_WARN_DEPRECATED_OBJC_IMPLEMENTATIONS = YES;
				CLANG_WARN_DIRECT_OBJC_ISA_USAGE = YES_ERROR;
				CLANG_WARN_DOCUMENTATION_COMMENTS = YES;
				CLANG_WARN_EMPTY_BODY = YES;
				CLANG_WARN_ENUM_CONVERSION = YES;
				CLANG_WARN_INFINITE_RECURSION = YES;
				CLANG_WARN_INT_CONVERSION = YES;
				CLANG_WARN_NON_LITERAL_NULL_CONVERSION = YES;
				CLANG_WARN_OBJC_IMPLICIT_RETAIN_SELF = YES;
				CLANG_WARN_OBJC_LITERAL_CONVERSION = YES;
				CLANG_WARN_OBJC_ROOT_CLASS = YES_ERROR;
				CLANG_WARN_QUOTED_INCLUDE_IN_FRAMEWORK_HEADER = YES;
				CLANG_WARN_RANGE_LOOP_ANALYSIS = YES;
				CLANG_WARN_STRICT_PROTOTYPES = YES;
				CLANG_WARN_SUSPICIOUS_MOVE = YES;
				CLANG_WARN_UNGUARDED_AVAILABILITY = YES_AGGRESSIVE;
				CLANG_WARN_UNREACHABLE_CODE = YES;
				CLANG_WARN__DUPLICATE_METHOD_MATCH = YES;
				COPY_PHASE_STRIP = NO;
				DEBUG_INFORMATION_FORMAT = dwarf;
				ENABLE_STRICT_OBJC_MSGSEND = YES;
				ENABLE_TESTABILITY = YES;
				GCC_C_LANGUAGE_STANDARD = gnu11;
				GCC_DYNAMIC_NO_PIC = NO;
				GCC_NO_COMMON_BLOCKS = YES;
				GCC_OPTIMIZATION_LEVEL = 0;
				GCC_PREPROCESSOR_DEFINITIONS = (
					"$(inherited)",
					"DEBUG=1",
				);
				GCC_WARN_64_TO_32_BIT_CONVERSION = YES;
				GCC_WARN_ABOUT_RETURN_TYPE = YES_ERROR;
				GCC_WARN_UNDECLARED_SELECTOR = YES;
				GCC_WARN_UNINITIALIZED_AUTOS = YES_AGGRESSIVE;
				GCC_WARN_UNUSED_FUNCTION = YES;
				GCC_WARN_UNUSED_VARIABLE = YES;
				IPHONEOS_DEPLOYMENT_TARGET = 17.0;
				MTL_ENABLE_DEBUG_INFO = INCLUDE_SOURCE;
				MTL_FAST_MATH = YES;
				ONLY_ACTIVE_ARCH = YES;
				PRODUCT_NAME = "$(TARGET_NAME)";
				SDKROOT = iphoneos;
				SWIFT_ACTIVE_COMPILATION_CONDITIONS = DEBUG;
				SWIFT_OPTIMIZATION_LEVEL = "-Onone";
				SWIFT_VERSION = 5.0;
			};
			name = Debug;
		};
		30E3AA8DC08B77998797C813 /* Release */ = {
			isa = XCBuildConfiguration;
			buildSettings = {
				ALWAYS_SEARCH_USER_PATHS = NO;
				CLANG_ANALYZER_NONNULL = YES;
				CLANG_ANALYZER_NUMBER_OBJECT_CONVERSION = YES_AGGRESSIVE;
				CLANG_CXX_LANGUAGE_STANDARD = "gnu++14";
				CLANG_CXX_LIBRARY = "libc++";
				CLANG_ENABLE_MODULES = YES;
				CLANG_ENABLE_OBJC_ARC = YES;
				CLANG_ENABLE_OBJC_WEAK = YES;
				CLANG_WARN_BLOCK_CAPTURE_AUTORELEASING = YES;
				CLANG_WARN_BOOL_CONVERSION = YES;
				CLANG_WARN_COMMA = YES;
				CLANG_WARN_CONSTANT_CONVERSION = YES;
				CLANG_WARN_DEPRECATED_OBJC_IMPLEMENTATIONS = YES;
				CLANG_WARN_DIRECT_OBJC_ISA_USAGE = YES_ERROR;
				CLANG_WARN_DOCUMENTATION_COMMENTS = YES;
				CLANG_WARN_EMPTY_BODY = YES;
				CLANG_WARN_ENUM_CONVERSION = YES;
				CLANG_WARN_INFINITE_RECURSION = YES;
				CLANG_WARN_INT_CONVERSION = YES;
				CLANG_WARN_NON_LITERAL_NULL_CONVERSION = YES;
				CLANG_WARN_OBJC_IMPLICIT_RETAIN_SELF = YES;
				CLANG_WARN_OBJC_LITERAL_CONVERSION = YES;
				CLANG_WARN_OBJC_ROOT_CLASS = YES_ERROR;
				CLANG_WARN_QUOTED_INCLUDE_IN_FRAMEWORK_HEADER = YES;
				CLANG_WARN_RANGE_LOOP_ANALYSIS = YES;
				CLANG_WARN_STRICT_PROTOTYPES = YES;
				CLANG_WARN_SUSPICIOUS_MOVE = YES;
				CLANG_WARN_UNGUARDED_AVAILABILITY = YES_AGGRESSIVE;
				CLANG_WARN_UNREACHABLE_CODE = YES;
				CLANG_WARN__DUPLICATE_METHOD_MATCH = YES;
				COPY_PHASE_STRIP = NO;
				DEBUG_INFORMATION_FORMAT = "dwarf-with-dsym";
				ENABLE_NS_ASSERTIONS = NO;
				ENABLE_STRICT_OBJC_MSGSEND = YES;
				GCC_C_LANGUAGE_STANDARD = gnu11;
				GCC_NO_COMMON_BLOCKS = YES;
				GCC_WARN_64_TO_32_BIT_CONVERSION = YES;
				GCC_WARN_ABOUT_RETURN_TYPE = YES_ERROR;
				GCC_WARN_UNDECLARED_SELECTOR = YES;
				GCC_WARN_UNINITIALIZED_AUTOS = YES_AGGRESSIVE;
				GCC_WARN_UNUSED_FUNCTION = YES;
				GCC_WARN_UNUSED_VARIABLE = YES;
				IPHONEOS_DEPLOYMENT_TARGET = 17.0;
				MTL_ENABLE_DEBUG_INFO = NO;
				MTL_FAST_MATH = YES;
				PRODUCT_NAME = "$(TARGET_NAME)";
				SDKROOT = iphoneos;
				SWIFT_COMPILATION_MODE = wholemodule;
				SWIFT_OPTIMIZATION_LEVEL = "-O";
				SWIFT_VERSION = 5.0;
			};
			name = Release;
		};
		62C579A940FDAF71C0F805FB /* Release */ = {
			isa = XCBuildConfiguration;
			buildSettings = {
				ASSETCATALOG_COMPILER_APPICON_NAME = AppIcon;
				CODE_SIGN_IDENTITY = "iPhone Developer";
				CODE_SIGN_STYLE = Automatic;
				CURRENT_PROJECT_VERSION = 1;
				DEVELOPMENT_TEAM = UBS5NLP4XW;
				GENERATE_INFOPLIST_FILE = YES;
				INFOPLIST_KEY_NSMicrophoneUsageDescription = "Listens to your voice to transcribe it.";
				INFOPLIST_KEY_NSSpeechRecognitionUsageDescription = "Transcribes what you say, live.";
				INFOPLIST_KEY_UIApplicationSupportsIndirectInputEvents = YES;
				INFOPLIST_KEY_UILaunchScreen_Generation = YES;
				INFOPLIST_KEY_UISupportedInterfaceOrientations = UIInterfaceOrientationPortrait;
				INFOPLIST_KEY_UISupportedInterfaceOrientations_iPad = "UIInterfaceOrientationPortrait UIInterfaceOrientationPortraitUpsideDown UIInterfaceOrientationLandscapeLeft UIInterfaceOrientationLandscapeRight";
				LD_RUNPATH_SEARCH_PATHS = (
					"$(inherited)",
					"@executable_path/Frameworks",
				);
				MARKETING_VERSION = 1.0;
				PRODUCT_BUNDLE_IDENTIFIER = com.LG.LGSpeechRecognizerExample;
				SDKROOT = iphoneos;
				SWIFT_VERSION = 6.0;
				TARGETED_DEVICE_FAMILY = "1,2";
			};
			name = Release;
		};
		78B3550A6A9F291702D74D14 /* Debug */ = {
			isa = XCBuildConfiguration;
			buildSettings = {
				ASSETCATALOG_COMPILER_APPICON_NAME = AppIcon;
				CODE_SIGN_IDENTITY = "iPhone Developer";
				CODE_SIGN_STYLE = Automatic;
				CURRENT_PROJECT_VERSION = 1;
				DEVELOPMENT_TEAM = UBS5NLP4XW;
				GENERATE_INFOPLIST_FILE = YES;
				INFOPLIST_KEY_NSMicrophoneUsageDescription = "Listens to your voice to transcribe it.";
				INFOPLIST_KEY_NSSpeechRecognitionUsageDescription = "Transcribes what you say, live.";
				INFOPLIST_KEY_UIApplicationSupportsIndirectInputEvents = YES;
				INFOPLIST_KEY_UILaunchScreen_Generation = YES;
				INFOPLIST_KEY_UISupportedInterfaceOrientations = UIInterfaceOrientationPortrait;
				INFOPLIST_KEY_UISupportedInterfaceOrientations_iPad = "UIInterfaceOrientationPortrait UIInterfaceOrientationPortraitUpsideDown UIInterfaceOrientationLandscapeLeft UIInterfaceOrientationLandscapeRight";
				LD_RUNPATH_SEARCH_PATHS = (
					"$(inherited)",
					"@executable_path/Frameworks",
				);
				MARKETING_VERSION = 1.0;
				PRODUCT_BUNDLE_IDENTIFIER = com.LG.LGSpeechRecognizerExample;
				SDKROOT = iphoneos;
				SWIFT_VERSION = 6.0;
				TARGETED_DEVICE_FAMILY = "1,2";
			};
			name = Debug;
		};
/* End XCBuildConfiguration section */

/* Begin XCConfigurationList section */
		A0D6AC30B0C531A614488520 /* Build configuration list for PBXProject "LGSpeechRecognizerExample" */ = {
			isa = XCConfigurationList;
			buildConfigurations = (
				20E63D60317CC97B44137C93 /* Debug */,
				30E3AA8DC08B77998797C813 /* Release */,
			);
			defaultConfigurationIsVisible = 0;
			defaultConfigurationName = Debug;
		};
		C29FF03A9FC7BC5AE3650E76 /* Build configuration list for PBXNativeTarget "LGSpeechRecognizerExample" */ = {
			isa = XCConfigurationList;
			buildConfigurations = (
				78B3550A6A9F291702D74D14 /* Debug */,
				62C579A940FDAF71C0F805FB /* Release */,
			);
			defaultConfigurationIsVisible = 0;
			defaultConfigurationName = Debug;
		};
/* End XCConfigurationList section */

/* Begin XCLocalSwiftPackageReference section */
		B1EAD592E5A8E8CEC71F7E5E /* XCLocalSwiftPackageReference ".." */ = {
			isa = XCLocalSwiftPackageReference;
			relativePath = ..;
		};
/* End XCLocalSwiftPackageReference section */

/* Begin XCSwiftPackageProductDependency section */
		F588EC7D6C5C19A14A4EF466 /* LGSpeechRecognizer */ = {
			isa = XCSwiftPackageProductDependency;
			productName = LGSpeechRecognizer;
		};
/* End XCSwiftPackageProductDependency section */
	};
	rootObject = 33C6AE3664EC38117CB4D560 /* Project object */;
}
